
Microsoft Visual Studio Solution File, Format Version 12.00
# Visual Studio Version 16
VisualStudioVersion = 16.0.31624.102
MinimumVisualStudioVersion = 10.0.40219.1
Project("{9A19103F-16F7-4668-BE54-9A1E7A4F7556}") = "WhistleWindLobotomyMod", "WhistleWindLobotomyMod.csproj", "{9FB6F51B-7922-471A-A7CD-5F899A2DD6A9}"
EndProject
Global
	GlobalSection(SolutionConfigurationPlatforms) = preSolution
		Debug|Any CPU = Debug|Any CPU
		Release|Any CPU = Release|Any CPU
	EndGlobalSection
	GlobalSection(ProjectConfigurationPlatforms) = postSolution
		{9FB6F51B-7922-471A-A7CD-5F899A2DD6A9}.Debug|Any CPU.ActiveCfg = Debug|Any CPU
		{9FB6F51B-7922-471A-A7CD-5F899A2DD6A9}.Debug|Any CPU.Build.0 = Debug|Any CPU
		{9FB6F51B-7922-471A-A7CD-5F899A2DD6A9}.Release|Any CPU.ActiveCfg = Release|Any CPU
		{9FB6F51B-7922-471A-A7CD-5F899A2DD6A9}.Release|Any CPU.Build.0 = Release|Any CPU
	EndGlobalSection
	GlobalSection(SolutionProperties) = preSolution
		HideSolutionNode = FALSE
	EndGlobalSection
	GlobalSection(ExtensibilityGlobals) = postSolution
		SolutionGuid = {184BF0E5-1BDE-4BB1-B5DA-DBB77AC3A394}
	EndGlobalSection
EndGlobal
