
Microsoft Visual Studio Solution File, Format Version 12.00
# Visual Studio Version 17
VisualStudioVersion = 17.3.32929.385
MinimumVisualStudioVersion = 10.0.40219.1
Project("{9A19103F-16F7-4668-BE54-9A1E7A4F7556}") = "WhistleWindLobotomyMod", "WhistleWindLobotomyMod\WhistleWindLobotomyMod.csproj", "{5E26BABB-9E0C-482F-9CFE-8C2059C1767B}"
EndProject
Project("{9A19103F-16F7-4668-BE54-9A1E7A4F7556}") = "WhistleWind.AbnormalSigils", "WhistleWind.AbnormalSigils\WhistleWind.AbnormalSigils.csproj", "{9BD4F738-D847-4A2E-82F0-2B1E16E65CD6}"
EndProject
Global
	GlobalSection(SolutionConfigurationPlatforms) = preSolution
		Debug|Any CPU = Debug|Any CPU
		Release|Any CPU = Release|Any CPU
	EndGlobalSection
	GlobalSection(ProjectConfigurationPlatforms) = postSolution
		{5E26BABB-9E0C-482F-9CFE-8C2059C1767B}.Debug|Any CPU.ActiveCfg = Debug|Any CPU
		{5E26BABB-9E0C-482F-9CFE-8C2059C1767B}.Debug|Any CPU.Build.0 = Debug|Any CPU
		{5E26BABB-9E0C-482F-9CFE-8C2059C1767B}.Release|Any CPU.ActiveCfg = Release|Any CPU
		{5E26BABB-9E0C-482F-9CFE-8C2059C1767B}.Release|Any CPU.Build.0 = Release|Any CPU
		{9BD4F738-D847-4A2E-82F0-2B1E16E65CD6}.Debug|Any CPU.ActiveCfg = Debug|Any CPU
		{9BD4F738-D847-4A2E-82F0-2B1E16E65CD6}.Debug|Any CPU.Build.0 = Debug|Any CPU
		{9BD4F738-D847-4A2E-82F0-2B1E16E65CD6}.Release|Any CPU.ActiveCfg = Release|Any CPU
		{9BD4F738-D847-4A2E-82F0-2B1E16E65CD6}.Release|Any CPU.Build.0 = Release|Any CPU
	EndGlobalSection
	GlobalSection(SolutionProperties) = preSolution
		HideSolutionNode = FALSE
	EndGlobalSection
	GlobalSection(ExtensibilityGlobals) = postSolution
		SolutionGuid = {184BF0E5-1BDE-4BB1-B5DA-DBB77AC3A394}
	EndGlobalSection
EndGlobal
